
Microsoft Visual Studio Solution File, Format Version 12.00
# Visual Studio 2013
VisualStudioVersion = 12.0.21005.1
MinimumVisualStudioVersion = 10.0.40219.1
Project("{8BC9CEB8-8B4A-11D0-8D11-00A0C91BC942}") = "graphicc", "graphicc.vcxproj", "{5856A423-63AB-4119-A3B7-0ED0CF7B61FE}"
EndProject
Project("{8BC9CEB8-8B4A-11D0-8D11-00A0C91BC942}") = "Test", "Test\Test.vcxproj", "{0928624A-00F2-40E1-99F9-2F4FC9028794}"
	ProjectSection(ProjectDependencies) = postProject
		{5856A423-63AB-4119-A3B7-0ED0CF7B61FE} = {5856A423-63AB-4119-A3B7-0ED0CF7B61FE}
	EndProjectSection
EndProject
Project("{8BC9CEB8-8B4A-11D0-8D11-00A0C91BC942}") = "test_writebitmap", "Test\test_writebitmap.vcxproj", "{44922E45-9992-4FF6-841F-5B8A34E3963E}"
EndProject
Project("{8BC9CEB8-8B4A-11D0-8D11-00A0C91BC942}") = "test_blit", "Test\test_blit.vcxproj", "{7231BEDF-CFBF-4264-94E1-133D87991512}"
EndProject
Project("{8BC9CEB8-8B4A-11D0-8D11-00A0C91BC942}") = "test_blender", "Test\test_blender.vcxproj", "{95DD1986-F279-49CA-A0DC-CFC57AED3911}"
EndProject
Project("{8BC9CEB8-8B4A-11D0-8D11-00A0C91BC942}") = "test_linespan", "Test\test_linespan.vcxproj", "{0FEA8C08-5E63-4B2D-A47B-C9D6600717EE}"
EndProject
Project("{8BC9CEB8-8B4A-11D0-8D11-00A0C91BC942}") = "test_maths", "Test\test_maths.vcxproj", "{10D415FC-CB90-4CA8-99F7-AAB1EE6F8AE7}"
EndProject
Project("{8BC9CEB8-8B4A-11D0-8D11-00A0C91BC942}") = "test_transformer", "Test\test_transformer.vcxproj", "{09EA8F57-E625-48D2-B1B3-F00B3CB840F3}"
EndProject
Project("{8BC9CEB8-8B4A-11D0-8D11-00A0C91BC942}") = "test_triangles", "Test\test_triangles.vcxproj", "{4C75B0DF-31FA-4945-AD62-0D02EC231CB5}"
EndProject
Project("{8BC9CEB8-8B4A-11D0-8D11-00A0C91BC942}") = "test_agg_raster_fonts", "Test\test_agg_raster_fonts.vcxproj", "{582B2684-FF90-4CA1-8F54-F43A0CC2E1A2}"
	ProjectSection(ProjectDependencies) = postProject
		{22E0AE80-590C-4C3F-AB8E-15437D25E2D2} = {22E0AE80-590C-4C3F-AB8E-15437D25E2D2}
	EndProjectSection
EndProject
Project("{8BC9CEB8-8B4A-11D0-8D11-00A0C91BC942}") = "test_bezier", "Test\test_bezier.vcxproj", "{D3B71495-3887-4A3A-A5D1-9C041FF8FCAF}"
EndProject
Project("{8BC9CEB8-8B4A-11D0-8D11-00A0C91BC942}") = "test_mandelbrot", "Test\test_mandelbrot\test_mandelbrot.vcxproj", "{8B7672C9-F2B2-4FA8-9C95-EAC23FD7A5CC}"
EndProject
Project("{8BC9CEB8-8B4A-11D0-8D11-00A0C91BC942}") = "DrawingShapes", "Test\DrawingShapes\DrawingShapes.vcxproj", "{ADE31A59-7EC8-404B-87CC-D4B44ADA0891}"
	ProjectSection(ProjectDependencies) = postProject
		{5856A423-63AB-4119-A3B7-0ED0CF7B61FE} = {5856A423-63AB-4119-A3B7-0ED0CF7B61FE}
		{22E0AE80-590C-4C3F-AB8E-15437D25E2D2} = {22E0AE80-590C-4C3F-AB8E-15437D25E2D2}
	EndProjectSection
EndProject
Project("{8BC9CEB8-8B4A-11D0-8D11-00A0C91BC942}") = "SlideWare", "Test\SlideWare\SlideWare.vcxproj", "{62B09398-DEC5-46C1-99FF-D7192FC48B99}"
	ProjectSection(ProjectDependencies) = postProject
		{5856A423-63AB-4119-A3B7-0ED0CF7B61FE} = {5856A423-63AB-4119-A3B7-0ED0CF7B61FE}
		{22E0AE80-590C-4C3F-AB8E-15437D25E2D2} = {22E0AE80-590C-4C3F-AB8E-15437D25E2D2}
	EndProjectSection
EndProject
Project("{8BC9CEB8-8B4A-11D0-8D11-00A0C91BC942}") = "TimeSeries", "Test\TimeSeries\TimeSeries.vcxproj", "{ABF0EF55-A433-4208-9319-124ABF65D7EC}"
	ProjectSection(ProjectDependencies) = postProject
		{5856A423-63AB-4119-A3B7-0ED0CF7B61FE} = {5856A423-63AB-4119-A3B7-0ED0CF7B61FE}
		{22E0AE80-590C-4C3F-AB8E-15437D25E2D2} = {22E0AE80-590C-4C3F-AB8E-15437D25E2D2}
	EndProjectSection
EndProject
Project("{8BC9CEB8-8B4A-11D0-8D11-00A0C91BC942}") = "test_text", "Test\test_text\test_text.vcxproj", "{7F4CC594-1AA3-4EAF-B599-2471345B32D2}"
	ProjectSection(ProjectDependencies) = postProject
		{5856A423-63AB-4119-A3B7-0ED0CF7B61FE} = {5856A423-63AB-4119-A3B7-0ED0CF7B61FE}
		{22E0AE80-590C-4C3F-AB8E-15437D25E2D2} = {22E0AE80-590C-4C3F-AB8E-15437D25E2D2}
	EndProjectSection
EndProject
Project("{8BC9CEB8-8B4A-11D0-8D11-00A0C91BC942}") = "keyboard", "Test\keyboard\keyboard.vcxproj", "{B134EA74-F328-4D23-9B77-2918EBF04D86}"
	ProjectSection(ProjectDependencies) = postProject
		{5856A423-63AB-4119-A3B7-0ED0CF7B61FE} = {5856A423-63AB-4119-A3B7-0ED0CF7B61FE}
		{22E0AE80-590C-4C3F-AB8E-15437D25E2D2} = {22E0AE80-590C-4C3F-AB8E-15437D25E2D2}
	EndProjectSection
EndProject
Project("{8BC9CEB8-8B4A-11D0-8D11-00A0C91BC942}") = "drawproc", "drawproc\drawproc.vcxproj", "{22E0AE80-590C-4C3F-AB8E-15437D25E2D2}"
	ProjectSection(ProjectDependencies) = postProject
		{5856A423-63AB-4119-A3B7-0ED0CF7B61FE} = {5856A423-63AB-4119-A3B7-0ED0CF7B61FE}
	EndProjectSection
EndProject
Project("{8BC9CEB8-8B4A-11D0-8D11-00A0C91BC942}") = "test_ogl_pipeline", "Test\test_ogl_pipeline\test_ogl_pipeline.vcxproj", "{A03832B9-0738-4D2F-AE3F-055542EE9507}"
	ProjectSection(ProjectDependencies) = postProject
		{5856A423-63AB-4119-A3B7-0ED0CF7B61FE} = {5856A423-63AB-4119-A3B7-0ED0CF7B61FE}
		{22E0AE80-590C-4C3F-AB8E-15437D25E2D2} = {22E0AE80-590C-4C3F-AB8E-15437D25E2D2}
	EndProjectSection
EndProject
Project("{8BC9CEB8-8B4A-11D0-8D11-00A0C91BC942}") = "test_artt", "Test\test_artt\test_artt.vcxproj", "{F43B6C7B-B929-4211-A58D-6676129E0191}"
	ProjectSection(ProjectDependencies) = postProject
		{5856A423-63AB-4119-A3B7-0ED0CF7B61FE} = {5856A423-63AB-4119-A3B7-0ED0CF7B61FE}
		{22E0AE80-590C-4C3F-AB8E-15437D25E2D2} = {22E0AE80-590C-4C3F-AB8E-15437D25E2D2}
	EndProjectSection
EndProject
Project("{8BC9CEB8-8B4A-11D0-8D11-00A0C91BC942}") = "test_truetype", "Test\test_truetype\test_truetype.vcxproj", "{207F95D5-7EF7-4511-AA22-715F4FCF7266}"
	ProjectSection(ProjectDependencies) = postProject
		{5856A423-63AB-4119-A3B7-0ED0CF7B61FE} = {5856A423-63AB-4119-A3B7-0ED0CF7B61FE}
		{22E0AE80-590C-4C3F-AB8E-15437D25E2D2} = {22E0AE80-590C-4C3F-AB8E-15437D25E2D2}
	EndProjectSection
EndProject
Project("{8BC9CEB8-8B4A-11D0-8D11-00A0C91BC942}") = "test_truetype_view", "Test\test_truetype_view\test_truetype_view.vcxproj", "{065A847B-A6C4-415C-8C78-E76AB80FF45C}"
	ProjectSection(ProjectDependencies) = postProject
		{5856A423-63AB-4119-A3B7-0ED0CF7B61FE} = {5856A423-63AB-4119-A3B7-0ED0CF7B61FE}
		{22E0AE80-590C-4C3F-AB8E-15437D25E2D2} = {22E0AE80-590C-4C3F-AB8E-15437D25E2D2}
	EndProjectSection
EndProject
Project("{8BC9CEB8-8B4A-11D0-8D11-00A0C91BC942}") = "MouseSignals", "Test\MouseSignals\MouseSignals.vcxproj", "{4C0711A3-25E3-4427-BBFB-05CCEB843C1D}"
	ProjectSection(ProjectDependencies) = postProject
		{5856A423-63AB-4119-A3B7-0ED0CF7B61FE} = {5856A423-63AB-4119-A3B7-0ED0CF7B61FE}
		{22E0AE80-590C-4C3F-AB8E-15437D25E2D2} = {22E0AE80-590C-4C3F-AB8E-15437D25E2D2}
	EndProjectSection
EndProject
Project("{8BC9CEB8-8B4A-11D0-8D11-00A0C91BC942}") = "Mouse2D", "Test\Mouse2D\Mouse2D.vcxproj", "{78E6875C-1E76-456F-9F82-E23F0278A87E}"
	ProjectSection(ProjectDependencies) = postProject
		{5856A423-63AB-4119-A3B7-0ED0CF7B61FE} = {5856A423-63AB-4119-A3B7-0ED0CF7B61FE}
		{22E0AE80-590C-4C3F-AB8E-15437D25E2D2} = {22E0AE80-590C-4C3F-AB8E-15437D25E2D2}
	EndProjectSection
EndProject
Project("{8BC9CEB8-8B4A-11D0-8D11-00A0C91BC942}") = "KeyboardFunctions", "examples\KeyboardFunctions\KeyboardFunctions.vcxproj", "{A3E1C9C9-F46E-493D-9F70-77B9A9D6C2BB}"
	ProjectSection(ProjectDependencies) = postProject
		{5856A423-63AB-4119-A3B7-0ED0CF7B61FE} = {5856A423-63AB-4119-A3B7-0ED0CF7B61FE}
		{22E0AE80-590C-4C3F-AB8E-15437D25E2D2} = {22E0AE80-590C-4C3F-AB8E-15437D25E2D2}
	EndProjectSection
EndProject
Project("{8BC9CEB8-8B4A-11D0-8D11-00A0C91BC942}") = "Milliseconds", "examples\Milliseconds\Milliseconds.vcxproj", "{07037447-0F18-4304-801C-114FB0757B54}"
EndProject
Project("{8BC9CEB8-8B4A-11D0-8D11-00A0C91BC942}") = "colorMode", "examples\colorMode\colorMode.vcxproj", "{1B7B8A5B-AC41-4294-AE1C-7708F0B14493}"
	ProjectSection(ProjectDependencies) = postProject
		{5856A423-63AB-4119-A3B7-0ED0CF7B61FE} = {5856A423-63AB-4119-A3B7-0ED0CF7B61FE}
		{22E0AE80-590C-4C3F-AB8E-15437D25E2D2} = {22E0AE80-590C-4C3F-AB8E-15437D25E2D2}
	EndProjectSection
EndProject
Project("{8BC9CEB8-8B4A-11D0-8D11-00A0C91BC942}") = "RadialGradient", "examples\RadialGradient\RadialGradient.vcxproj", "{08DDE6BE-7A45-4CC8-8722-56A9C5BF5632}"
	ProjectSection(ProjectDependencies) = postProject
		{5856A423-63AB-4119-A3B7-0ED0CF7B61FE} = {5856A423-63AB-4119-A3B7-0ED0CF7B61FE}
		{22E0AE80-590C-4C3F-AB8E-15437D25E2D2} = {22E0AE80-590C-4C3F-AB8E-15437D25E2D2}
	EndProjectSection
EndProject
Project("{8BC9CEB8-8B4A-11D0-8D11-00A0C91BC942}") = "Hue", "examples\Hue\Hue.vcxproj", "{FA8930B8-A6EE-49A2-B8E2-FEAEDA253D8A}"
	ProjectSection(ProjectDependencies) = postProject
		{5856A423-63AB-4119-A3B7-0ED0CF7B61FE} = {5856A423-63AB-4119-A3B7-0ED0CF7B61FE}
		{22E0AE80-590C-4C3F-AB8E-15437D25E2D2} = {22E0AE80-590C-4C3F-AB8E-15437D25E2D2}
	EndProjectSection
EndProject
Project("{8BC9CEB8-8B4A-11D0-8D11-00A0C91BC942}") = "Saturation", "examples\Saturation\Saturation.vcxproj", "{D652EBFE-708D-418B-A6AF-B24B2C7BE69D}"
EndProject
Project("{8BC9CEB8-8B4A-11D0-8D11-00A0C91BC942}") = "eyetrack", "examples\eyetrack\eyetrack.vcxproj", "{934B19C8-2090-4ED0-9C63-C24505A76FFE}"
EndProject
Project("{8BC9CEB8-8B4A-11D0-8D11-00A0C91BC942}") = "BannerSketch", "examples\BannerSketch\BannerSketch.vcxproj", "{775611F9-5577-4432-A591-C52B400C27D7}"
	ProjectSection(ProjectDependencies) = postProject
		{5856A423-63AB-4119-A3B7-0ED0CF7B61FE} = {5856A423-63AB-4119-A3B7-0ED0CF7B61FE}
		{22E0AE80-590C-4C3F-AB8E-15437D25E2D2} = {22E0AE80-590C-4C3F-AB8E-15437D25E2D2}
	EndProjectSection
EndProject
Project("{8BC9CEB8-8B4A-11D0-8D11-00A0C91BC942}") = "nematode", "examples\nematode\nematode.vcxproj", "{E194DCC5-2A92-4412-B6F0-1825024BC061}"
	ProjectSection(ProjectDependencies) = postProject
		{5856A423-63AB-4119-A3B7-0ED0CF7B61FE} = {5856A423-63AB-4119-A3B7-0ED0CF7B61FE}
		{22E0AE80-590C-4C3F-AB8E-15437D25E2D2} = {22E0AE80-590C-4C3F-AB8E-15437D25E2D2}
	EndProjectSection
EndProject
Global
	GlobalSection(SolutionConfigurationPlatforms) = preSolution
		Debug|Win32 = Debug|Win32
		Release|Win32 = Release|Win32
	EndGlobalSection
	GlobalSection(ProjectConfigurationPlatforms) = postSolution
		{5856A423-63AB-4119-A3B7-0ED0CF7B61FE}.Debug|Win32.ActiveCfg = Debug|Win32
		{5856A423-63AB-4119-A3B7-0ED0CF7B61FE}.Debug|Win32.Build.0 = Debug|Win32
		{5856A423-63AB-4119-A3B7-0ED0CF7B61FE}.Release|Win32.ActiveCfg = Release|Win32
		{5856A423-63AB-4119-A3B7-0ED0CF7B61FE}.Release|Win32.Build.0 = Release|Win32
		{0928624A-00F2-40E1-99F9-2F4FC9028794}.Debug|Win32.ActiveCfg = Debug|Win32
		{0928624A-00F2-40E1-99F9-2F4FC9028794}.Debug|Win32.Build.0 = Debug|Win32
		{0928624A-00F2-40E1-99F9-2F4FC9028794}.Release|Win32.ActiveCfg = Release|Win32
		{0928624A-00F2-40E1-99F9-2F4FC9028794}.Release|Win32.Build.0 = Release|Win32
		{44922E45-9992-4FF6-841F-5B8A34E3963E}.Debug|Win32.ActiveCfg = Debug|Win32
		{44922E45-9992-4FF6-841F-5B8A34E3963E}.Debug|Win32.Build.0 = Debug|Win32
		{44922E45-9992-4FF6-841F-5B8A34E3963E}.Release|Win32.ActiveCfg = Release|Win32
		{44922E45-9992-4FF6-841F-5B8A34E3963E}.Release|Win32.Build.0 = Release|Win32
		{7231BEDF-CFBF-4264-94E1-133D87991512}.Debug|Win32.ActiveCfg = Debug|Win32
		{7231BEDF-CFBF-4264-94E1-133D87991512}.Debug|Win32.Build.0 = Debug|Win32
		{7231BEDF-CFBF-4264-94E1-133D87991512}.Release|Win32.ActiveCfg = Release|Win32
		{7231BEDF-CFBF-4264-94E1-133D87991512}.Release|Win32.Build.0 = Release|Win32
		{95DD1986-F279-49CA-A0DC-CFC57AED3911}.Debug|Win32.ActiveCfg = Debug|Win32
		{95DD1986-F279-49CA-A0DC-CFC57AED3911}.Debug|Win32.Build.0 = Debug|Win32
		{95DD1986-F279-49CA-A0DC-CFC57AED3911}.Release|Win32.ActiveCfg = Release|Win32
		{95DD1986-F279-49CA-A0DC-CFC57AED3911}.Release|Win32.Build.0 = Release|Win32
		{0FEA8C08-5E63-4B2D-A47B-C9D6600717EE}.Debug|Win32.ActiveCfg = Debug|Win32
		{0FEA8C08-5E63-4B2D-A47B-C9D6600717EE}.Debug|Win32.Build.0 = Debug|Win32
		{0FEA8C08-5E63-4B2D-A47B-C9D6600717EE}.Release|Win32.ActiveCfg = Release|Win32
		{0FEA8C08-5E63-4B2D-A47B-C9D6600717EE}.Release|Win32.Build.0 = Release|Win32
		{10D415FC-CB90-4CA8-99F7-AAB1EE6F8AE7}.Debug|Win32.ActiveCfg = Debug|Win32
		{10D415FC-CB90-4CA8-99F7-AAB1EE6F8AE7}.Debug|Win32.Build.0 = Debug|Win32
		{10D415FC-CB90-4CA8-99F7-AAB1EE6F8AE7}.Release|Win32.ActiveCfg = Release|Win32
		{10D415FC-CB90-4CA8-99F7-AAB1EE6F8AE7}.Release|Win32.Build.0 = Release|Win32
		{09EA8F57-E625-48D2-B1B3-F00B3CB840F3}.Debug|Win32.ActiveCfg = Debug|Win32
		{09EA8F57-E625-48D2-B1B3-F00B3CB840F3}.Debug|Win32.Build.0 = Debug|Win32
		{09EA8F57-E625-48D2-B1B3-F00B3CB840F3}.Release|Win32.ActiveCfg = Release|Win32
		{09EA8F57-E625-48D2-B1B3-F00B3CB840F3}.Release|Win32.Build.0 = Release|Win32
		{4C75B0DF-31FA-4945-AD62-0D02EC231CB5}.Debug|Win32.ActiveCfg = Debug|Win32
		{4C75B0DF-31FA-4945-AD62-0D02EC231CB5}.Debug|Win32.Build.0 = Debug|Win32
		{4C75B0DF-31FA-4945-AD62-0D02EC231CB5}.Release|Win32.ActiveCfg = Release|Win32
		{4C75B0DF-31FA-4945-AD62-0D02EC231CB5}.Release|Win32.Build.0 = Release|Win32
		{582B2684-FF90-4CA1-8F54-F43A0CC2E1A2}.Debug|Win32.ActiveCfg = Debug|Win32
		{582B2684-FF90-4CA1-8F54-F43A0CC2E1A2}.Debug|Win32.Build.0 = Debug|Win32
		{582B2684-FF90-4CA1-8F54-F43A0CC2E1A2}.Release|Win32.ActiveCfg = Release|Win32
		{582B2684-FF90-4CA1-8F54-F43A0CC2E1A2}.Release|Win32.Build.0 = Release|Win32
		{D3B71495-3887-4A3A-A5D1-9C041FF8FCAF}.Debug|Win32.ActiveCfg = Debug|Win32
		{D3B71495-3887-4A3A-A5D1-9C041FF8FCAF}.Debug|Win32.Build.0 = Debug|Win32
		{D3B71495-3887-4A3A-A5D1-9C041FF8FCAF}.Release|Win32.ActiveCfg = Release|Win32
		{D3B71495-3887-4A3A-A5D1-9C041FF8FCAF}.Release|Win32.Build.0 = Release|Win32
		{8B7672C9-F2B2-4FA8-9C95-EAC23FD7A5CC}.Debug|Win32.ActiveCfg = Debug|Win32
		{8B7672C9-F2B2-4FA8-9C95-EAC23FD7A5CC}.Debug|Win32.Build.0 = Debug|Win32
		{8B7672C9-F2B2-4FA8-9C95-EAC23FD7A5CC}.Release|Win32.ActiveCfg = Release|Win32
		{8B7672C9-F2B2-4FA8-9C95-EAC23FD7A5CC}.Release|Win32.Build.0 = Release|Win32
		{ADE31A59-7EC8-404B-87CC-D4B44ADA0891}.Debug|Win32.ActiveCfg = Debug|Win32
		{ADE31A59-7EC8-404B-87CC-D4B44ADA0891}.Debug|Win32.Build.0 = Debug|Win32
		{ADE31A59-7EC8-404B-87CC-D4B44ADA0891}.Release|Win32.ActiveCfg = Release|Win32
		{ADE31A59-7EC8-404B-87CC-D4B44ADA0891}.Release|Win32.Build.0 = Release|Win32
		{62B09398-DEC5-46C1-99FF-D7192FC48B99}.Debug|Win32.ActiveCfg = Debug|Win32
		{62B09398-DEC5-46C1-99FF-D7192FC48B99}.Debug|Win32.Build.0 = Debug|Win32
		{62B09398-DEC5-46C1-99FF-D7192FC48B99}.Release|Win32.ActiveCfg = Release|Win32
		{62B09398-DEC5-46C1-99FF-D7192FC48B99}.Release|Win32.Build.0 = Release|Win32
		{ABF0EF55-A433-4208-9319-124ABF65D7EC}.Debug|Win32.ActiveCfg = Debug|Win32
		{ABF0EF55-A433-4208-9319-124ABF65D7EC}.Debug|Win32.Build.0 = Debug|Win32
		{ABF0EF55-A433-4208-9319-124ABF65D7EC}.Release|Win32.ActiveCfg = Release|Win32
		{ABF0EF55-A433-4208-9319-124ABF65D7EC}.Release|Win32.Build.0 = Release|Win32
		{7F4CC594-1AA3-4EAF-B599-2471345B32D2}.Debug|Win32.ActiveCfg = Debug|Win32
		{7F4CC594-1AA3-4EAF-B599-2471345B32D2}.Debug|Win32.Build.0 = Debug|Win32
		{7F4CC594-1AA3-4EAF-B599-2471345B32D2}.Release|Win32.ActiveCfg = Release|Win32
		{7F4CC594-1AA3-4EAF-B599-2471345B32D2}.Release|Win32.Build.0 = Release|Win32
		{B134EA74-F328-4D23-9B77-2918EBF04D86}.Debug|Win32.ActiveCfg = Debug|Win32
		{B134EA74-F328-4D23-9B77-2918EBF04D86}.Debug|Win32.Build.0 = Debug|Win32
		{B134EA74-F328-4D23-9B77-2918EBF04D86}.Release|Win32.ActiveCfg = Release|Win32
		{B134EA74-F328-4D23-9B77-2918EBF04D86}.Release|Win32.Build.0 = Release|Win32
		{22E0AE80-590C-4C3F-AB8E-15437D25E2D2}.Debug|Win32.ActiveCfg = Debug|Win32
		{22E0AE80-590C-4C3F-AB8E-15437D25E2D2}.Debug|Win32.Build.0 = Debug|Win32
		{22E0AE80-590C-4C3F-AB8E-15437D25E2D2}.Release|Win32.ActiveCfg = Release|Win32
		{22E0AE80-590C-4C3F-AB8E-15437D25E2D2}.Release|Win32.Build.0 = Release|Win32
		{A03832B9-0738-4D2F-AE3F-055542EE9507}.Debug|Win32.ActiveCfg = Debug|Win32
		{A03832B9-0738-4D2F-AE3F-055542EE9507}.Debug|Win32.Build.0 = Debug|Win32
		{A03832B9-0738-4D2F-AE3F-055542EE9507}.Release|Win32.ActiveCfg = Release|Win32
		{A03832B9-0738-4D2F-AE3F-055542EE9507}.Release|Win32.Build.0 = Release|Win32
		{F43B6C7B-B929-4211-A58D-6676129E0191}.Debug|Win32.ActiveCfg = Debug|Win32
		{F43B6C7B-B929-4211-A58D-6676129E0191}.Debug|Win32.Build.0 = Debug|Win32
		{F43B6C7B-B929-4211-A58D-6676129E0191}.Release|Win32.ActiveCfg = Release|Win32
		{F43B6C7B-B929-4211-A58D-6676129E0191}.Release|Win32.Build.0 = Release|Win32
		{207F95D5-7EF7-4511-AA22-715F4FCF7266}.Debug|Win32.ActiveCfg = Debug|Win32
		{207F95D5-7EF7-4511-AA22-715F4FCF7266}.Debug|Win32.Build.0 = Debug|Win32
		{207F95D5-7EF7-4511-AA22-715F4FCF7266}.Release|Win32.ActiveCfg = Release|Win32
		{207F95D5-7EF7-4511-AA22-715F4FCF7266}.Release|Win32.Build.0 = Release|Win32
		{065A847B-A6C4-415C-8C78-E76AB80FF45C}.Debug|Win32.ActiveCfg = Debug|Win32
		{065A847B-A6C4-415C-8C78-E76AB80FF45C}.Debug|Win32.Build.0 = Debug|Win32
		{065A847B-A6C4-415C-8C78-E76AB80FF45C}.Release|Win32.ActiveCfg = Release|Win32
		{065A847B-A6C4-415C-8C78-E76AB80FF45C}.Release|Win32.Build.0 = Release|Win32
		{4C0711A3-25E3-4427-BBFB-05CCEB843C1D}.Debug|Win32.ActiveCfg = Debug|Win32
		{4C0711A3-25E3-4427-BBFB-05CCEB843C1D}.Debug|Win32.Build.0 = Debug|Win32
		{4C0711A3-25E3-4427-BBFB-05CCEB843C1D}.Release|Win32.ActiveCfg = Release|Win32
		{4C0711A3-25E3-4427-BBFB-05CCEB843C1D}.Release|Win32.Build.0 = Release|Win32
		{78E6875C-1E76-456F-9F82-E23F0278A87E}.Debug|Win32.ActiveCfg = Debug|Win32
		{78E6875C-1E76-456F-9F82-E23F0278A87E}.Debug|Win32.Build.0 = Debug|Win32
		{78E6875C-1E76-456F-9F82-E23F0278A87E}.Release|Win32.ActiveCfg = Release|Win32
		{78E6875C-1E76-456F-9F82-E23F0278A87E}.Release|Win32.Build.0 = Release|Win32
		{A3E1C9C9-F46E-493D-9F70-77B9A9D6C2BB}.Debug|Win32.ActiveCfg = Debug|Win32
		{A3E1C9C9-F46E-493D-9F70-77B9A9D6C2BB}.Debug|Win32.Build.0 = Debug|Win32
		{A3E1C9C9-F46E-493D-9F70-77B9A9D6C2BB}.Release|Win32.ActiveCfg = Release|Win32
		{A3E1C9C9-F46E-493D-9F70-77B9A9D6C2BB}.Release|Win32.Build.0 = Release|Win32
		{07037447-0F18-4304-801C-114FB0757B54}.Debug|Win32.ActiveCfg = Debug|Win32
		{07037447-0F18-4304-801C-114FB0757B54}.Debug|Win32.Build.0 = Debug|Win32
		{07037447-0F18-4304-801C-114FB0757B54}.Release|Win32.ActiveCfg = Release|Win32
		{07037447-0F18-4304-801C-114FB0757B54}.Release|Win32.Build.0 = Release|Win32
		{1B7B8A5B-AC41-4294-AE1C-7708F0B14493}.Debug|Win32.ActiveCfg = Debug|Win32
		{1B7B8A5B-AC41-4294-AE1C-7708F0B14493}.Debug|Win32.Build.0 = Debug|Win32
		{1B7B8A5B-AC41-4294-AE1C-7708F0B14493}.Release|Win32.ActiveCfg = Release|Win32
		{1B7B8A5B-AC41-4294-AE1C-7708F0B14493}.Release|Win32.Build.0 = Release|Win32
		{08DDE6BE-7A45-4CC8-8722-56A9C5BF5632}.Debug|Win32.ActiveCfg = Debug|Win32
		{08DDE6BE-7A45-4CC8-8722-56A9C5BF5632}.Debug|Win32.Build.0 = Debug|Win32
		{08DDE6BE-7A45-4CC8-8722-56A9C5BF5632}.Release|Win32.ActiveCfg = Release|Win32
		{08DDE6BE-7A45-4CC8-8722-56A9C5BF5632}.Release|Win32.Build.0 = Release|Win32
		{FA8930B8-A6EE-49A2-B8E2-FEAEDA253D8A}.Debug|Win32.ActiveCfg = Debug|Win32
		{FA8930B8-A6EE-49A2-B8E2-FEAEDA253D8A}.Debug|Win32.Build.0 = Debug|Win32
		{FA8930B8-A6EE-49A2-B8E2-FEAEDA253D8A}.Release|Win32.ActiveCfg = Release|Win32
		{FA8930B8-A6EE-49A2-B8E2-FEAEDA253D8A}.Release|Win32.Build.0 = Release|Win32
		{D652EBFE-708D-418B-A6AF-B24B2C7BE69D}.Debug|Win32.ActiveCfg = Debug|Win32
		{D652EBFE-708D-418B-A6AF-B24B2C7BE69D}.Debug|Win32.Build.0 = Debug|Win32
		{D652EBFE-708D-418B-A6AF-B24B2C7BE69D}.Release|Win32.ActiveCfg = Release|Win32
		{D652EBFE-708D-418B-A6AF-B24B2C7BE69D}.Release|Win32.Build.0 = Release|Win32
		{934B19C8-2090-4ED0-9C63-C24505A76FFE}.Debug|Win32.ActiveCfg = Debug|Win32
		{934B19C8-2090-4ED0-9C63-C24505A76FFE}.Debug|Win32.Build.0 = Debug|Win32
		{934B19C8-2090-4ED0-9C63-C24505A76FFE}.Release|Win32.ActiveCfg = Release|Win32
		{934B19C8-2090-4ED0-9C63-C24505A76FFE}.Release|Win32.Build.0 = Release|Win32
		{775611F9-5577-4432-A591-C52B400C27D7}.Debug|Win32.ActiveCfg = Debug|Win32
		{775611F9-5577-4432-A591-C52B400C27D7}.Debug|Win32.Build.0 = Debug|Win32
		{775611F9-5577-4432-A591-C52B400C27D7}.Release|Win32.ActiveCfg = Release|Win32
		{775611F9-5577-4432-A591-C52B400C27D7}.Release|Win32.Build.0 = Release|Win32
		{E194DCC5-2A92-4412-B6F0-1825024BC061}.Debug|Win32.ActiveCfg = Debug|Win32
		{E194DCC5-2A92-4412-B6F0-1825024BC061}.Debug|Win32.Build.0 = Debug|Win32
		{E194DCC5-2A92-4412-B6F0-1825024BC061}.Release|Win32.ActiveCfg = Release|Win32
		{E194DCC5-2A92-4412-B6F0-1825024BC061}.Release|Win32.Build.0 = Release|Win32
	EndGlobalSection
	GlobalSection(SolutionProperties) = preSolution
		HideSolutionNode = FALSE
	EndGlobalSection
EndGlobal
